// !$*UTF8*$!
{
	archiveVersion = 1;
	classes = {
	};
	objectVersion = 56;
	objects = {

/* Begin PBXBuildFile section */
		A1069B8A2B62CBCF00D4E11C /* ErrorMessage.swift in Sources */ = {isa = PBXBuildFile; fileRef = A1069B892B62CBCF00D4E11C /* ErrorMessage.swift */; };
		A10C16EB2BCB09A700BE258D /* RangedProgressView.swift in Sources */ = {isa = PBXBuildFile; fileRef = A10C16EA2BCB09A700BE258D /* RangedProgressView.swift */; };
		A1135D132B8F5F1F001E351C /* Localizable.xcstrings in Resources */ = {isa = PBXBuildFile; fileRef = A1135D122B8F5F1F001E351C /* Localizable.xcstrings */; };
		A11E00332B37365E006EE103 /* Icon.swift in Sources */ = {isa = PBXBuildFile; fileRef = A11E00322B37365E006EE103 /* Icon.swift */; };
		A1287D9D2B75427200D5B119 /* +LinearGradient.swift in Sources */ = {isa = PBXBuildFile; fileRef = A1287D9C2B75427100D5B119 /* +LinearGradient.swift */; };
		A131106F2B1DBC7500F8437E /* NetworkManager.swift in Sources */ = {isa = PBXBuildFile; fileRef = A131106E2B1DBC7500F8437E /* NetworkManager.swift */; };
		A145ED022C2D863000568297 /* SettingView.swift in Sources */ = {isa = PBXBuildFile; fileRef = A145ED012C2D863000568297 /* SettingView.swift */; };
		A148AF4F2BB5EC3100FF97B9 /* DefaultVStack.swift in Sources */ = {isa = PBXBuildFile; fileRef = A148AF4E2BB5EC3100FF97B9 /* DefaultVStack.swift */; };
		A150F3242B19B4650007C285 /* wotdApp.swift in Sources */ = {isa = PBXBuildFile; fileRef = A150F3232B19B4650007C285 /* wotdApp.swift */; };
		A150F3282B19B4670007C285 /* Assets.xcassets in Resources */ = {isa = PBXBuildFile; fileRef = A150F3272B19B4670007C285 /* Assets.xcassets */; };
		A150F32B2B19B4670007C285 /* Preview Assets.xcassets in Resources */ = {isa = PBXBuildFile; fileRef = A150F32A2B19B4670007C285 /* Preview Assets.xcassets */; };
		A150F3382B19C5EB0007C285 /* WeatherDescription.swift in Sources */ = {isa = PBXBuildFile; fileRef = A150F3372B19C5EB0007C285 /* WeatherDescription.swift */; };
		A15BB7C12B65724E00064791 /* SmallRect.swift in Sources */ = {isa = PBXBuildFile; fileRef = A15BB7C02B65724E00064791 /* SmallRect.swift */; };
		A15BB7C32B65725900064791 /* BigRect.swift in Sources */ = {isa = PBXBuildFile; fileRef = A15BB7C22B65725900064791 /* BigRect.swift */; };
		A15E89F92BB2B662000E193E /* +Double.swift in Sources */ = {isa = PBXBuildFile; fileRef = A15E89F82BB2B662000E193E /* +Double.swift */; };
		A164B0FD2BA2F1C1009C972B /* +Color.swift in Sources */ = {isa = PBXBuildFile; fileRef = A164B0FC2BA2F1C1009C972B /* +Color.swift */; };
		A164B0FF2BA32BBD009C972B /* AddSheet.swift in Sources */ = {isa = PBXBuildFile; fileRef = A164B0FE2BA32BBD009C972B /* AddSheet.swift */; };
		A165B5A72B45B5EF00E47BD9 /* NowWeather.swift in Sources */ = {isa = PBXBuildFile; fileRef = A165B5A62B45B5EF00E47BD9 /* NowWeather.swift */; };
		A17AD8362BA04E53002489CE /* MainTabView.swift in Sources */ = {isa = PBXBuildFile; fileRef = A17AD8352BA04E53002489CE /* MainTabView.swift */; };
		A17AD8392BA05503002489CE /* ThenView.swift in Sources */ = {isa = PBXBuildFile; fileRef = A17AD8382BA05503002489CE /* ThenView.swift */; };
		A180832E2B3332F200CDFA86 /* NowView.swift in Sources */ = {isa = PBXBuildFile; fileRef = A180832D2B3332F200CDFA86 /* NowView.swift */; };
		A186318D2BB16CCD001695F9 /* +Date.swift in Sources */ = {isa = PBXBuildFile; fileRef = A186318C2BB16CCD001695F9 /* +Date.swift */; };
		A186318F2BB17446001695F9 /* ThenWeather.swift in Sources */ = {isa = PBXBuildFile; fileRef = A186318E2BB17446001695F9 /* ThenWeather.swift */; };
		A1866BDE2BA84322002A3DB8 /* City.swift in Sources */ = {isa = PBXBuildFile; fileRef = A1866BDD2BA84322002A3DB8 /* City.swift */; };
		A1866BE02BA84541002A3DB8 /* SearchManager.swift in Sources */ = {isa = PBXBuildFile; fileRef = A1866BDF2BA84541002A3DB8 /* SearchManager.swift */; };
		A18F204F2B2704CD0017F3FF /* Request.swift in Sources */ = {isa = PBXBuildFile; fileRef = A18F204E2B2704CD0017F3FF /* Request.swift */; };
		A19C86402BD6CDA20032B305 /* TempProgressView.swift in Sources */ = {isa = PBXBuildFile; fileRef = A19C863F2BD6CDA20032B305 /* TempProgressView.swift */; };
		A1A139FD2BD7FF39009757FF /* ComparisionView.swift in Sources */ = {isa = PBXBuildFile; fileRef = A1A139FC2BD7FF39009757FF /* ComparisionView.swift */; };
		A1A97AC12C048F450072E906 /* +Int.swift in Sources */ = {isa = PBXBuildFile; fileRef = A1A97AC02C048F450072E906 /* +Int.swift */; };
		A1ABF7242B29E70800AE6428 /* WeatherInfo.swift in Sources */ = {isa = PBXBuildFile; fileRef = A1ABF7232B29E70800AE6428 /* WeatherInfo.swift */; };
		A1B2CEAF2C1896EE00BE527A /* AddSheetViewModel.swift in Sources */ = {isa = PBXBuildFile; fileRef = A1B2CEAE2C1896EE00BE527A /* AddSheetViewModel.swift */; };
		A1BDC44C2BB46FA90007AE79 /* ThenViewModel.swift in Sources */ = {isa = PBXBuildFile; fileRef = A1BDC44B2BB46FA90007AE79 /* ThenViewModel.swift */; };
		A1C030092BC06B9600EC4CFA /* WeatherVStack.swift in Sources */ = {isa = PBXBuildFile; fileRef = A1C030082BC06B9600EC4CFA /* WeatherVStack.swift */; };
		A1C0300B2BC07B1A00EC4CFA /* ComparisionRect.swift in Sources */ = {isa = PBXBuildFile; fileRef = A1C0300A2BC07B1A00EC4CFA /* ComparisionRect.swift */; };
		A1C078A52B30A163008885F9 /* LocationManager.swift in Sources */ = {isa = PBXBuildFile; fileRef = A1C078A42B30A163008885F9 /* LocationManager.swift */; };
		A1E268342C0F95D900E17AEB /* NowViewModel.swift in Sources */ = {isa = PBXBuildFile; fileRef = A1E268332C0F95D900E17AEB /* NowViewModel.swift */; };
/* End PBXBuildFile section */

/* Begin PBXFileReference section */
		A1069B892B62CBCF00D4E11C /* ErrorMessage.swift */ = {isa = PBXFileReference; lastKnownFileType = sourcecode.swift; path = ErrorMessage.swift; sourceTree = "<group>"; };
		A10C16EA2BCB09A700BE258D /* RangedProgressView.swift */ = {isa = PBXFileReference; lastKnownFileType = sourcecode.swift; path = RangedProgressView.swift; sourceTree = "<group>"; };
		A1135D122B8F5F1F001E351C /* Localizable.xcstrings */ = {isa = PBXFileReference; lastKnownFileType = text.json.xcstrings; path = Localizable.xcstrings; sourceTree = "<group>"; };
		A11E00322B37365E006EE103 /* Icon.swift */ = {isa = PBXFileReference; lastKnownFileType = sourcecode.swift; path = Icon.swift; sourceTree = "<group>"; };
		A1287D9C2B75427100D5B119 /* +LinearGradient.swift */ = {isa = PBXFileReference; lastKnownFileType = sourcecode.swift; path = "+LinearGradient.swift"; sourceTree = "<group>"; };
		A131106E2B1DBC7500F8437E /* NetworkManager.swift */ = {isa = PBXFileReference; lastKnownFileType = sourcecode.swift; path = NetworkManager.swift; sourceTree = "<group>"; };
		A145ED012C2D863000568297 /* SettingView.swift */ = {isa = PBXFileReference; lastKnownFileType = sourcecode.swift; path = SettingView.swift; sourceTree = "<group>"; };
		A148AF4E2BB5EC3100FF97B9 /* DefaultVStack.swift */ = {isa = PBXFileReference; lastKnownFileType = sourcecode.swift; path = DefaultVStack.swift; sourceTree = "<group>"; };
		A150F3202B19B4650007C285 /* wotd.app */ = {isa = PBXFileReference; explicitFileType = wrapper.application; includeInIndex = 0; path = wotd.app; sourceTree = BUILT_PRODUCTS_DIR; };
		A150F3232B19B4650007C285 /* wotdApp.swift */ = {isa = PBXFileReference; lastKnownFileType = sourcecode.swift; path = wotdApp.swift; sourceTree = "<group>"; };
		A150F3272B19B4670007C285 /* Assets.xcassets */ = {isa = PBXFileReference; lastKnownFileType = folder.assetcatalog; path = Assets.xcassets; sourceTree = "<group>"; };
		A150F32A2B19B4670007C285 /* Preview Assets.xcassets */ = {isa = PBXFileReference; lastKnownFileType = folder.assetcatalog; path = "Preview Assets.xcassets"; sourceTree = "<group>"; };
		A150F3372B19C5EB0007C285 /* WeatherDescription.swift */ = {isa = PBXFileReference; lastKnownFileType = sourcecode.swift; path = WeatherDescription.swift; sourceTree = "<group>"; };
		A15BB7C02B65724E00064791 /* SmallRect.swift */ = {isa = PBXFileReference; lastKnownFileType = sourcecode.swift; path = SmallRect.swift; sourceTree = "<group>"; };
		A15BB7C22B65725900064791 /* BigRect.swift */ = {isa = PBXFileReference; lastKnownFileType = sourcecode.swift; path = BigRect.swift; sourceTree = "<group>"; };
		A15E89F82BB2B662000E193E /* +Double.swift */ = {isa = PBXFileReference; lastKnownFileType = sourcecode.swift; path = "+Double.swift"; sourceTree = "<group>"; };
		A164B0FC2BA2F1C1009C972B /* +Color.swift */ = {isa = PBXFileReference; lastKnownFileType = sourcecode.swift; path = "+Color.swift"; sourceTree = "<group>"; };
		A164B0FE2BA32BBD009C972B /* AddSheet.swift */ = {isa = PBXFileReference; lastKnownFileType = sourcecode.swift; path = AddSheet.swift; sourceTree = "<group>"; };
		A165B5A62B45B5EF00E47BD9 /* NowWeather.swift */ = {isa = PBXFileReference; lastKnownFileType = sourcecode.swift; path = NowWeather.swift; sourceTree = "<group>"; };
		A17AD8352BA04E53002489CE /* MainTabView.swift */ = {isa = PBXFileReference; lastKnownFileType = sourcecode.swift; path = MainTabView.swift; sourceTree = "<group>"; };
		A17AD8382BA05503002489CE /* ThenView.swift */ = {isa = PBXFileReference; lastKnownFileType = sourcecode.swift; path = ThenView.swift; sourceTree = "<group>"; };
		A180832D2B3332F200CDFA86 /* NowView.swift */ = {isa = PBXFileReference; lastKnownFileType = sourcecode.swift; path = NowView.swift; sourceTree = "<group>"; };
		A186318C2BB16CCD001695F9 /* +Date.swift */ = {isa = PBXFileReference; lastKnownFileType = sourcecode.swift; path = "+Date.swift"; sourceTree = "<group>"; };
		A186318E2BB17446001695F9 /* ThenWeather.swift */ = {isa = PBXFileReference; lastKnownFileType = sourcecode.swift; path = ThenWeather.swift; sourceTree = "<group>"; };
		A1866BDD2BA84322002A3DB8 /* City.swift */ = {isa = PBXFileReference; lastKnownFileType = sourcecode.swift; path = City.swift; sourceTree = "<group>"; };
		A1866BDF2BA84541002A3DB8 /* SearchManager.swift */ = {isa = PBXFileReference; lastKnownFileType = sourcecode.swift; path = SearchManager.swift; sourceTree = "<group>"; };
		A18F204E2B2704CD0017F3FF /* Request.swift */ = {isa = PBXFileReference; lastKnownFileType = sourcecode.swift; path = Request.swift; sourceTree = "<group>"; };
		A19C863F2BD6CDA20032B305 /* TempProgressView.swift */ = {isa = PBXFileReference; lastKnownFileType = sourcecode.swift; path = TempProgressView.swift; sourceTree = "<group>"; };
		A1A139FC2BD7FF39009757FF /* ComparisionView.swift */ = {isa = PBXFileReference; lastKnownFileType = sourcecode.swift; path = ComparisionView.swift; sourceTree = "<group>"; };
		A1A97AC02C048F450072E906 /* +Int.swift */ = {isa = PBXFileReference; lastKnownFileType = sourcecode.swift; path = "+Int.swift"; sourceTree = "<group>"; };
		A1ABF7232B29E70800AE6428 /* WeatherInfo.swift */ = {isa = PBXFileReference; lastKnownFileType = sourcecode.swift; path = WeatherInfo.swift; sourceTree = "<group>"; };
		A1B2CEAE2C1896EE00BE527A /* AddSheetViewModel.swift */ = {isa = PBXFileReference; lastKnownFileType = sourcecode.swift; path = AddSheetViewModel.swift; sourceTree = "<group>"; };
		A1BDC44B2BB46FA90007AE79 /* ThenViewModel.swift */ = {isa = PBXFileReference; lastKnownFileType = sourcecode.swift; path = ThenViewModel.swift; sourceTree = "<group>"; };
		A1C030082BC06B9600EC4CFA /* WeatherVStack.swift */ = {isa = PBXFileReference; lastKnownFileType = sourcecode.swift; path = WeatherVStack.swift; sourceTree = "<group>"; };
		A1C0300A2BC07B1A00EC4CFA /* ComparisionRect.swift */ = {isa = PBXFileReference; lastKnownFileType = sourcecode.swift; path = ComparisionRect.swift; sourceTree = "<group>"; };
		A1C078A42B30A163008885F9 /* LocationManager.swift */ = {isa = PBXFileReference; lastKnownFileType = sourcecode.swift; path = LocationManager.swift; sourceTree = "<group>"; };
		A1E268332C0F95D900E17AEB /* NowViewModel.swift */ = {isa = PBXFileReference; lastKnownFileType = sourcecode.swift; path = NowViewModel.swift; sourceTree = "<group>"; };
/* End PBXFileReference section */

/* Begin PBXFrameworksBuildPhase section */
		A150F31D2B19B4650007C285 /* Frameworks */ = {
			isa = PBXFrameworksBuildPhase;
			buildActionMask = 2147483647;
			files = (
			);
			runOnlyForDeploymentPostprocessing = 0;
		};
/* End PBXFrameworksBuildPhase section */

/* Begin PBXGroup section */
		A11E00342B373667006EE103 /* Helper */ = {
			isa = PBXGroup;
			children = (
				A11E00322B37365E006EE103 /* Icon.swift */,
				A1135D122B8F5F1F001E351C /* Localizable.xcstrings */,
			);
			path = Helper;
			sourceTree = "<group>";
		};
		A150F3172B19B4650007C285 = {
			isa = PBXGroup;
			children = (
				A150F3222B19B4650007C285 /* wotd */,
				A150F3212B19B4650007C285 /* Products */,
			);
			sourceTree = "<group>";
		};
		A150F3212B19B4650007C285 /* Products */ = {
			isa = PBXGroup;
			children = (
				A150F3202B19B4650007C285 /* wotd.app */,
			);
			name = Products;
			sourceTree = "<group>";
		};
		A150F3222B19B4650007C285 /* wotd */ = {
			isa = PBXGroup;
			children = (
				A150F3232B19B4650007C285 /* wotdApp.swift */,
				A150F3392B19C5EF0007C285 /* Model */,
				A150F3332B19C5B10007C285 /* View */,
				A1BDC44D2BB46FAE0007AE79 /* ViewModel */,
				A150F3342B19C5B80007C285 /* Manager */,
				A11E00342B373667006EE103 /* Helper */,
				A19F50AE2B7678C5008BADF0 /* Extension */,
				A150F3272B19B4670007C285 /* Assets.xcassets */,
				A150F3292B19B4670007C285 /* Preview Content */,
			);
			path = wotd;
			sourceTree = "<group>";
		};
		A150F3292B19B4670007C285 /* Preview Content */ = {
			isa = PBXGroup;
			children = (
				A150F32A2B19B4670007C285 /* Preview Assets.xcassets */,
			);
			path = "Preview Content";
			sourceTree = "<group>";
		};
		A150F3332B19C5B10007C285 /* View */ = {
			isa = PBXGroup;
			children = (
				A17AD8352BA04E53002489CE /* MainTabView.swift */,
				A17AD8372BA054D5002489CE /* NowView */,
				A17AD83A2BA0A097002489CE /* ThenView */,
				A145ED012C2D863000568297 /* SettingView.swift */,
			);
			path = View;
			sourceTree = "<group>";
		};
		A150F3342B19C5B80007C285 /* Manager */ = {
			isa = PBXGroup;
			children = (
				A131106E2B1DBC7500F8437E /* NetworkManager.swift */,
				A1C078A42B30A163008885F9 /* LocationManager.swift */,
				A1866BDF2BA84541002A3DB8 /* SearchManager.swift */,
			);
			path = Manager;
			sourceTree = "<group>";
		};
		A150F3392B19C5EF0007C285 /* Model */ = {
			isa = PBXGroup;
			children = (
				A18F204E2B2704CD0017F3FF /* Request.swift */,
				A1069B892B62CBCF00D4E11C /* ErrorMessage.swift */,
				A1ABF7232B29E70800AE6428 /* WeatherInfo.swift */,
				A150F3372B19C5EB0007C285 /* WeatherDescription.swift */,
				A165B5A62B45B5EF00E47BD9 /* NowWeather.swift */,
				A1866BDD2BA84322002A3DB8 /* City.swift */,
				A186318E2BB17446001695F9 /* ThenWeather.swift */,
			);
			path = Model;
			sourceTree = "<group>";
		};
		A17AD8372BA054D5002489CE /* NowView */ = {
			isa = PBXGroup;
			children = (
				A180832D2B3332F200CDFA86 /* NowView.swift */,
				A15BB7C02B65724E00064791 /* SmallRect.swift */,
				A15BB7C22B65725900064791 /* BigRect.swift */,
			);
			path = NowView;
			sourceTree = "<group>";
		};
		A17AD83A2BA0A097002489CE /* ThenView */ = {
			isa = PBXGroup;
			children = (
				A17AD8382BA05503002489CE /* ThenView.swift */,
				A164B0FE2BA32BBD009C972B /* AddSheet.swift */,
				A148AF4E2BB5EC3100FF97B9 /* DefaultVStack.swift */,
				A1C030082BC06B9600EC4CFA /* WeatherVStack.swift */,
				A19C863E2BD6BE930032B305 /* ComparisionView */,
			);
			path = ThenView;
			sourceTree = "<group>";
		};
		A19C863E2BD6BE930032B305 /* ComparisionView */ = {
			isa = PBXGroup;
			children = (
				A1A139FC2BD7FF39009757FF /* ComparisionView.swift */,
				A1C0300A2BC07B1A00EC4CFA /* ComparisionRect.swift */,
				A19C863F2BD6CDA20032B305 /* TempProgressView.swift */,
			);
			path = ComparisionView;
			sourceTree = "<group>";
		};
		A19F50AE2B7678C5008BADF0 /* Extension */ = {
			isa = PBXGroup;
			children = (
				A1287D9C2B75427100D5B119 /* +LinearGradient.swift */,
				A164B0FC2BA2F1C1009C972B /* +Color.swift */,
				A186318C2BB16CCD001695F9 /* +Date.swift */,
				A15E89F82BB2B662000E193E /* +Double.swift */,
				A1A97AC02C048F450072E906 /* +Int.swift */,
				A10C16EA2BCB09A700BE258D /* RangedProgressView.swift */,
			);
			path = Extension;
			sourceTree = "<group>";
		};
		A1BDC44D2BB46FAE0007AE79 /* ViewModel */ = {
			isa = PBXGroup;
			children = (
				A1E268332C0F95D900E17AEB /* NowViewModel.swift */,
				A1BDC44B2BB46FA90007AE79 /* ThenViewModel.swift */,
				A1B2CEAE2C1896EE00BE527A /* AddSheetViewModel.swift */,
			);
			path = ViewModel;
			sourceTree = "<group>";
		};
/* End PBXGroup section */

/* Begin PBXNativeTarget section */
		A150F31F2B19B4650007C285 /* wotd */ = {
			isa = PBXNativeTarget;
			buildConfigurationList = A150F32E2B19B4670007C285 /* Build configuration list for PBXNativeTarget "wotd" */;
			buildPhases = (
				A150F31C2B19B4650007C285 /* Sources */,
				A150F31D2B19B4650007C285 /* Frameworks */,
				A150F31E2B19B4650007C285 /* Resources */,
			);
			buildRules = (
			);
			dependencies = (
			);
			name = wotd;
			productName = wotd;
			productReference = A150F3202B19B4650007C285 /* wotd.app */;
			productType = "com.apple.product-type.application";
		};
/* End PBXNativeTarget section */

/* Begin PBXProject section */
		A150F3182B19B4650007C285 /* Project object */ = {
			isa = PBXProject;
			attributes = {
				BuildIndependentTargetsInParallel = 1;
				LastSwiftUpdateCheck = 1500;
				LastUpgradeCheck = 1540;
				TargetAttributes = {
					A150F31F2B19B4650007C285 = {
						CreatedOnToolsVersion = 15.0.1;
					};
				};
			};
			buildConfigurationList = A150F31B2B19B4650007C285 /* Build configuration list for PBXProject "wotd" */;
			compatibilityVersion = "Xcode 14.0";
			developmentRegion = en;
			hasScannedForEncodings = 0;
			knownRegions = (
				en,
				Base,
				ko,
			);
			mainGroup = A150F3172B19B4650007C285;
			productRefGroup = A150F3212B19B4650007C285 /* Products */;
			projectDirPath = "";
			projectRoot = "";
			targets = (
				A150F31F2B19B4650007C285 /* wotd */,
			);
		};
/* End PBXProject section */

/* Begin PBXResourcesBuildPhase section */
		A150F31E2B19B4650007C285 /* Resources */ = {
			isa = PBXResourcesBuildPhase;
			buildActionMask = 2147483647;
			files = (
				A150F32B2B19B4670007C285 /* Preview Assets.xcassets in Resources */,
				A150F3282B19B4670007C285 /* Assets.xcassets in Resources */,
				A1135D132B8F5F1F001E351C /* Localizable.xcstrings in Resources */,
			);
			runOnlyForDeploymentPostprocessing = 0;
		};
/* End PBXResourcesBuildPhase section */

/* Begin PBXSourcesBuildPhase section */
		A150F31C2B19B4650007C285 /* Sources */ = {
			isa = PBXSourcesBuildPhase;
			buildActionMask = 2147483647;
			files = (
				A1B2CEAF2C1896EE00BE527A /* AddSheetViewModel.swift in Sources */,
				A15BB7C12B65724E00064791 /* SmallRect.swift in Sources */,
				A1A97AC12C048F450072E906 /* +Int.swift in Sources */,
				A164B0FD2BA2F1C1009C972B /* +Color.swift in Sources */,
				A1866BDE2BA84322002A3DB8 /* City.swift in Sources */,
				A10C16EB2BCB09A700BE258D /* RangedProgressView.swift in Sources */,
				A1ABF7242B29E70800AE6428 /* WeatherInfo.swift in Sources */,
				A180832E2B3332F200CDFA86 /* NowView.swift in Sources */,
				A186318F2BB17446001695F9 /* ThenWeather.swift in Sources */,
				A131106F2B1DBC7500F8437E /* NetworkManager.swift in Sources */,
				A17AD8392BA05503002489CE /* ThenView.swift in Sources */,
				A186318D2BB16CCD001695F9 /* +Date.swift in Sources */,
				A1C078A52B30A163008885F9 /* LocationManager.swift in Sources */,
				A19C86402BD6CDA20032B305 /* TempProgressView.swift in Sources */,
				A18F204F2B2704CD0017F3FF /* Request.swift in Sources */,
				A1069B8A2B62CBCF00D4E11C /* ErrorMessage.swift in Sources */,
				A165B5A72B45B5EF00E47BD9 /* NowWeather.swift in Sources */,
				A150F3242B19B4650007C285 /* wotdApp.swift in Sources */,
				A1E268342C0F95D900E17AEB /* NowViewModel.swift in Sources */,
				A1287D9D2B75427200D5B119 /* +LinearGradient.swift in Sources */,
				A148AF4F2BB5EC3100FF97B9 /* DefaultVStack.swift in Sources */,
				A145ED022C2D863000568297 /* SettingView.swift in Sources */,
				A164B0FF2BA32BBD009C972B /* AddSheet.swift in Sources */,
				A15E89F92BB2B662000E193E /* +Double.swift in Sources */,
				A1C030092BC06B9600EC4CFA /* WeatherVStack.swift in Sources */,
				A150F3382B19C5EB0007C285 /* WeatherDescription.swift in Sources */,
				A17AD8362BA04E53002489CE /* MainTabView.swift in Sources */,
				A1C0300B2BC07B1A00EC4CFA /* ComparisionRect.swift in Sources */,
				A15BB7C32B65725900064791 /* BigRect.swift in Sources */,
				A1BDC44C2BB46FA90007AE79 /* ThenViewModel.swift in Sources */,
				A1A139FD2BD7FF39009757FF /* ComparisionView.swift in Sources */,
				A11E00332B37365E006EE103 /* Icon.swift in Sources */,
				A1866BE02BA84541002A3DB8 /* SearchManager.swift in Sources */,
			);
			runOnlyForDeploymentPostprocessing = 0;
		};
/* End PBXSourcesBuildPhase section */

/* Begin XCBuildConfiguration section */
		A150F32C2B19B4670007C285 /* Debug */ = {
			isa = XCBuildConfiguration;
			buildSettings = {
				ALWAYS_SEARCH_USER_PATHS = NO;
				ASSETCATALOG_COMPILER_GENERATE_SWIFT_ASSET_SYMBOL_EXTENSIONS = YES;
				CLANG_ANALYZER_LOCALIZABILITY_NONLOCALIZED = YES;
				CLANG_ANALYZER_NONNULL = YES;
				CLANG_ANALYZER_NUMBER_OBJECT_CONVERSION = YES_AGGRESSIVE;
				CLANG_CXX_LANGUAGE_STANDARD = "gnu++20";
				CLANG_ENABLE_MODULES = YES;
				CLANG_ENABLE_OBJC_ARC = YES;
				CLANG_ENABLE_OBJC_WEAK = YES;
				CLANG_WARN_BLOCK_CAPTURE_AUTORELEASING = YES;
				CLANG_WARN_BOOL_CONVERSION = YES;
				CLANG_WARN_COMMA = YES;
				CLANG_WARN_CONSTANT_CONVERSION = YES;
				CLANG_WARN_DEPRECATED_OBJC_IMPLEMENTATIONS = YES;
				CLANG_WARN_DIRECT_OBJC_ISA_USAGE = YES_ERROR;
				CLANG_WARN_DOCUMENTATION_COMMENTS = YES;
				CLANG_WARN_EMPTY_BODY = YES;
				CLANG_WARN_ENUM_CONVERSION = YES;
				CLANG_WARN_INFINITE_RECURSION = YES;
				CLANG_WARN_INT_CONVERSION = YES;
				CLANG_WARN_NON_LITERAL_NULL_CONVERSION = YES;
				CLANG_WARN_OBJC_IMPLICIT_RETAIN_SELF = YES;
				CLANG_WARN_OBJC_LITERAL_CONVERSION = YES;
				CLANG_WARN_OBJC_ROOT_CLASS = YES_ERROR;
				CLANG_WARN_QUOTED_INCLUDE_IN_FRAMEWORK_HEADER = YES;
				CLANG_WARN_RANGE_LOOP_ANALYSIS = YES;
				CLANG_WARN_STRICT_PROTOTYPES = YES;
				CLANG_WARN_SUSPICIOUS_MOVE = YES;
				CLANG_WARN_UNGUARDED_AVAILABILITY = YES_AGGRESSIVE;
				CLANG_WARN_UNREACHABLE_CODE = YES;
				CLANG_WARN__DUPLICATE_METHOD_MATCH = YES;
				COPY_PHASE_STRIP = NO;
				DEBUG_INFORMATION_FORMAT = dwarf;
				ENABLE_STRICT_OBJC_MSGSEND = YES;
				ENABLE_TESTABILITY = YES;
				ENABLE_USER_SCRIPT_SANDBOXING = YES;
				GCC_C_LANGUAGE_STANDARD = gnu17;
				GCC_DYNAMIC_NO_PIC = NO;
				GCC_NO_COMMON_BLOCKS = YES;
				GCC_OPTIMIZATION_LEVEL = 0;
				GCC_PREPROCESSOR_DEFINITIONS = (
					"DEBUG=1",
					"$(inherited)",
				);
				GCC_WARN_64_TO_32_BIT_CONVERSION = YES;
				GCC_WARN_ABOUT_RETURN_TYPE = YES_ERROR;
				GCC_WARN_UNDECLARED_SELECTOR = YES;
				GCC_WARN_UNINITIALIZED_AUTOS = YES_AGGRESSIVE;
				GCC_WARN_UNUSED_FUNCTION = YES;
				GCC_WARN_UNUSED_VARIABLE = YES;
				IPHONEOS_DEPLOYMENT_TARGET = 17.0;
				LOCALIZATION_PREFERS_STRING_CATALOGS = YES;
				MTL_ENABLE_DEBUG_INFO = INCLUDE_SOURCE;
				MTL_FAST_MATH = YES;
				ONLY_ACTIVE_ARCH = YES;
				SDKROOT = iphoneos;
				SWIFT_ACTIVE_COMPILATION_CONDITIONS = "DEBUG $(inherited)";
				SWIFT_OPTIMIZATION_LEVEL = "-Onone";
			};
			name = Debug;
		};
		A150F32D2B19B4670007C285 /* Release */ = {
			isa = XCBuildConfiguration;
			buildSettings = {
				ALWAYS_SEARCH_USER_PATHS = NO;
				ASSETCATALOG_COMPILER_GENERATE_SWIFT_ASSET_SYMBOL_EXTENSIONS = YES;
				CLANG_ANALYZER_LOCALIZABILITY_NONLOCALIZED = YES;
				CLANG_ANALYZER_NONNULL = YES;
				CLANG_ANALYZER_NUMBER_OBJECT_CONVERSION = YES_AGGRESSIVE;
				CLANG_CXX_LANGUAGE_STANDARD = "gnu++20";
				CLANG_ENABLE_MODULES = YES;
				CLANG_ENABLE_OBJC_ARC = YES;
				CLANG_ENABLE_OBJC_WEAK = YES;
				CLANG_WARN_BLOCK_CAPTURE_AUTORELEASING = YES;
				CLANG_WARN_BOOL_CONVERSION = YES;
				CLANG_WARN_COMMA = YES;
				CLANG_WARN_CONSTANT_CONVERSION = YES;
				CLANG_WARN_DEPRECATED_OBJC_IMPLEMENTATIONS = YES;
				CLANG_WARN_DIRECT_OBJC_ISA_USAGE = YES_ERROR;
				CLANG_WARN_DOCUMENTATION_COMMENTS = YES;
				CLANG_WARN_EMPTY_BODY = YES;
				CLANG_WARN_ENUM_CONVERSION = YES;
				CLANG_WARN_INFINITE_RECURSION = YES;
				CLANG_WARN_INT_CONVERSION = YES;
				CLANG_WARN_NON_LITERAL_NULL_CONVERSION = YES;
				CLANG_WARN_OBJC_IMPLICIT_RETAIN_SELF = YES;
				CLANG_WARN_OBJC_LITERAL_CONVERSION = YES;
				CLANG_WARN_OBJC_ROOT_CLASS = YES_ERROR;
				CLANG_WARN_QUOTED_INCLUDE_IN_FRAMEWORK_HEADER = YES;
				CLANG_WARN_RANGE_LOOP_ANALYSIS = YES;
				CLANG_WARN_STRICT_PROTOTYPES = YES;
				CLANG_WARN_SUSPICIOUS_MOVE = YES;
				CLANG_WARN_UNGUARDED_AVAILABILITY = YES_AGGRESSIVE;
				CLANG_WARN_UNREACHABLE_CODE = YES;
				CLANG_WARN__DUPLICATE_METHOD_MATCH = YES;
				COPY_PHASE_STRIP = NO;
				DEBUG_INFORMATION_FORMAT = "dwarf-with-dsym";
				ENABLE_NS_ASSERTIONS = NO;
				ENABLE_STRICT_OBJC_MSGSEND = YES;
				ENABLE_USER_SCRIPT_SANDBOXING = YES;
				GCC_C_LANGUAGE_STANDARD = gnu17;
				GCC_NO_COMMON_BLOCKS = YES;
				GCC_WARN_64_TO_32_BIT_CONVERSION = YES;
				GCC_WARN_ABOUT_RETURN_TYPE = YES_ERROR;
				GCC_WARN_UNDECLARED_SELECTOR = YES;
				GCC_WARN_UNINITIALIZED_AUTOS = YES_AGGRESSIVE;
				GCC_WARN_UNUSED_FUNCTION = YES;
				GCC_WARN_UNUSED_VARIABLE = YES;
				IPHONEOS_DEPLOYMENT_TARGET = 17.0;
				LOCALIZATION_PREFERS_STRING_CATALOGS = YES;
				MTL_ENABLE_DEBUG_INFO = NO;
				MTL_FAST_MATH = YES;
				SDKROOT = iphoneos;
				SWIFT_COMPILATION_MODE = wholemodule;
				VALIDATE_PRODUCT = YES;
			};
			name = Release;
		};
		A150F32F2B19B4670007C285 /* Debug */ = {
			isa = XCBuildConfiguration;
			buildSettings = {
				ASSETCATALOG_COMPILER_APPICON_NAME = AppIcon;
				ASSETCATALOG_COMPILER_GLOBAL_ACCENT_COLOR_NAME = AccentColor;
				CODE_SIGN_STYLE = Automatic;
				CURRENT_PROJECT_VERSION = 1;
				DEVELOPMENT_ASSET_PATHS = "\"wotd/Preview Content\"";
				DEVELOPMENT_TEAM = 6N8M4PHX7P;
				ENABLE_PREVIEWS = YES;
				GENERATE_INFOPLIST_FILE = YES;
				INFOPLIST_KEY_NSLocationAlwaysAndWhenInUseUsageDescription = "Please allow us to access your location to update weather information.";
				INFOPLIST_KEY_NSLocationAlwaysUsageDescription = "Please allow us to access your location to update weather information.";
				INFOPLIST_KEY_NSLocationWhenInUseUsageDescription = "Please allow us to access your location to update weather information.";
				INFOPLIST_KEY_UIApplicationSceneManifest_Generation = YES;
				INFOPLIST_KEY_UIApplicationSupportsIndirectInputEvents = YES;
				INFOPLIST_KEY_UILaunchScreen_Generation = YES;
				INFOPLIST_KEY_UISupportedInterfaceOrientations_iPad = "UIInterfaceOrientationPortrait UIInterfaceOrientationPortraitUpsideDown UIInterfaceOrientationLandscapeLeft UIInterfaceOrientationLandscapeRight";
				INFOPLIST_KEY_UISupportedInterfaceOrientations_iPhone = "UIInterfaceOrientationPortrait UIInterfaceOrientationLandscapeLeft UIInterfaceOrientationLandscapeRight";
				LD_RUNPATH_SEARCH_PATHS = (
					"$(inherited)",
					"@executable_path/Frameworks",
				);
				MARKETING_VERSION = 1.0;
				PRODUCT_BUNDLE_IDENTIFIER = emily.wotd;
				PRODUCT_NAME = "$(TARGET_NAME)";
				SWIFT_EMIT_LOC_STRINGS = YES;
				SWIFT_VERSION = 5.0;
				TARGETED_DEVICE_FAMILY = "1,2";
			};
			name = Debug;
		};
		A150F3302B19B4670007C285 /* Release */ = {
			isa = XCBuildConfiguration;
			buildSettings = {
				ASSETCATALOG_COMPILER_APPICON_NAME = AppIcon;
				ASSETCATALOG_COMPILER_GLOBAL_ACCENT_COLOR_NAME = AccentColor;
				CODE_SIGN_STYLE = Automatic;
				CURRENT_PROJECT_VERSION = 1;
				DEVELOPMENT_ASSET_PATHS = "\"wotd/Preview Content\"";
				DEVELOPMENT_TEAM = 6N8M4PHX7P;
				ENABLE_PREVIEWS = YES;
				GENERATE_INFOPLIST_FILE = YES;
				INFOPLIST_KEY_NSLocationAlwaysAndWhenInUseUsageDescription = "Please allow us to access your location to update weather information.";
				INFOPLIST_KEY_NSLocationAlwaysUsageDescription = "Please allow us to access your location to update weather information.";
				INFOPLIST_KEY_NSLocationWhenInUseUsageDescription = "Please allow us to access your location to update weather information.";
				INFOPLIST_KEY_UIApplicationSceneManifest_Generation = YES;
				INFOPLIST_KEY_UIApplicationSupportsIndirectInputEvents = YES;
				INFOPLIST_KEY_UILaunchScreen_Generation = YES;
				INFOPLIST_KEY_UISupportedInterfaceOrientations_iPad = "UIInterfaceOrientationPortrait UIInterfaceOrientationPortraitUpsideDown UIInterfaceOrientationLandscapeLeft UIInterfaceOrientationLandscapeRight";
				INFOPLIST_KEY_UISupportedInterfaceOrientations_iPhone = "UIInterfaceOrientationPortrait UIInterfaceOrientationLandscapeLeft UIInterfaceOrientationLandscapeRight";
				LD_RUNPATH_SEARCH_PATHS = (
					"$(inherited)",
					"@executable_path/Frameworks",
				);
				MARKETING_VERSION = 1.0;
				PRODUCT_BUNDLE_IDENTIFIER = emily.wotd;
				PRODUCT_NAME = "$(TARGET_NAME)";
				SWIFT_EMIT_LOC_STRINGS = YES;
				SWIFT_VERSION = 5.0;
				TARGETED_DEVICE_FAMILY = "1,2";
			};
			name = Release;
		};
/* End XCBuildConfiguration section */

/* Begin XCConfigurationList section */
		A150F31B2B19B4650007C285 /* Build configuration list for PBXProject "wotd" */ = {
			isa = XCConfigurationList;
			buildConfigurations = (
				A150F32C2B19B4670007C285 /* Debug */,
				A150F32D2B19B4670007C285 /* Release */,
			);
			defaultConfigurationIsVisible = 0;
			defaultConfigurationName = Release;
		};
		A150F32E2B19B4670007C285 /* Build configuration list for PBXNativeTarget "wotd" */ = {
			isa = XCConfigurationList;
			buildConfigurations = (
				A150F32F2B19B4670007C285 /* Debug */,
				A150F3302B19B4670007C285 /* Release */,
			);
			defaultConfigurationIsVisible = 0;
			defaultConfigurationName = Release;
		};
/* End XCConfigurationList section */
	};
	rootObject = A150F3182B19B4650007C285 /* Project object */;
}
